// !$*UTF8*$!
{
	archiveVersion = 1;
	classes = {
	};
	objectVersion = 46;
	objects = {

/* Begin PBXBuildFile section */
		464004131578B79C009704B2 /* UIKit.framework in Frameworks */ = {isa = PBXBuildFile; fileRef = 464004121578B79C009704B2 /* UIKit.framework */; };
		464004151578B79C009704B2 /* Foundation.framework in Frameworks */ = {isa = PBXBuildFile; fileRef = 464004141578B79C009704B2 /* Foundation.framework */; };
		464004171578B79C009704B2 /* CoreGraphics.framework in Frameworks */ = {isa = PBXBuildFile; fileRef = 464004161578B79C009704B2 /* CoreGraphics.framework */; };
		4640041D1578B79C009704B2 /* InfoPlist.strings in Resources */ = {isa = PBXBuildFile; fileRef = 4640041B1578B79C009704B2 /* InfoPlist.strings */; };
		4640041F1578B79C009704B2 /* main.m in Sources */ = {isa = PBXBuildFile; fileRef = 4640041E1578B79C009704B2 /* main.m */; };
		464004231578B79C009704B2 /* AppDelegate.m in Sources */ = {isa = PBXBuildFile; fileRef = 464004221578B79C009704B2 /* AppDelegate.m */; };
		464004261578B79C009704B2 /* ViewController.m in Sources */ = {isa = PBXBuildFile; fileRef = 464004251578B79C009704B2 /* ViewController.m */; };
		464004291578B79C009704B2 /* ViewController.xib in Resources */ = {isa = PBXBuildFile; fileRef = 464004271578B79C009704B2 /* ViewController.xib */; };
		4640043B1578B7EC009704B2 /* CGContextHelper.m in Sources */ = {isa = PBXBuildFile; fileRef = 464004361578B7EC009704B2 /* CGContextHelper.m */; };
		4640043C1578B7EC009704B2 /* LayoutHelper.m in Sources */ = {isa = PBXBuildFile; fileRef = 464004381578B7EC009704B2 /* LayoutHelper.m */; };
		4640043D1578B7EC009704B2 /* UUIDGenerator.m in Sources */ = {isa = PBXBuildFile; fileRef = 4640043A1578B7EC009704B2 /* UUIDGenerator.m */; };
		464004441578BA65009704B2 /* AsyncUIImageView.m in Sources */ = {isa = PBXBuildFile; fileRef = 464004431578BA65009704B2 /* AsyncUIImageView.m */; };
/* End PBXBuildFile section */

/* Begin PBXFileReference section */
		4640040E1578B79C009704B2 /* SlothTools.app */ = {isa = PBXFileReference; explicitFileType = wrapper.application; includeInIndex = 0; path = SlothTools.app; sourceTree = BUILT_PRODUCTS_DIR; };
		464004121578B79C009704B2 /* UIKit.framework */ = {isa = PBXFileReference; lastKnownFileType = wrapper.framework; name = UIKit.framework; path = System/Library/Frameworks/UIKit.framework; sourceTree = SDKROOT; };
		464004141578B79C009704B2 /* Foundation.framework */ = {isa = PBXFileReference; lastKnownFileType = wrapper.framework; name = Foundation.framework; path = System/Library/Frameworks/Foundation.framework; sourceTree = SDKROOT; };
		464004161578B79C009704B2 /* CoreGraphics.framework */ = {isa = PBXFileReference; lastKnownFileType = wrapper.framework; name = CoreGraphics.framework; path = System/Library/Frameworks/CoreGraphics.framework; sourceTree = SDKROOT; };
		4640041A1578B79C009704B2 /* SlothTools-Info.plist */ = {isa = PBXFileReference; lastKnownFileType = text.plist.xml; path = "SlothTools-Info.plist"; sourceTree = "<group>"; };
		4640041C1578B79C009704B2 /* en */ = {isa = PBXFileReference; lastKnownFileType = text.plist.strings; name = en; path = en.lproj/InfoPlist.strings; sourceTree = "<group>"; };
		4640041E1578B79C009704B2 /* main.m */ = {isa = PBXFileReference; lastKnownFileType = sourcecode.c.objc; path = main.m; sourceTree = "<group>"; };
		464004201578B79C009704B2 /* SlothTools-Prefix.pch */ = {isa = PBXFileReference; lastKnownFileType = sourcecode.c.h; path = "SlothTools-Prefix.pch"; sourceTree = "<group>"; };
		464004211578B79C009704B2 /* AppDelegate.h */ = {isa = PBXFileReference; lastKnownFileType = sourcecode.c.h; path = AppDelegate.h; sourceTree = "<group>"; };
		464004221578B79C009704B2 /* AppDelegate.m */ = {isa = PBXFileReference; lastKnownFileType = sourcecode.c.objc; path = AppDelegate.m; sourceTree = "<group>"; };
		464004241578B79C009704B2 /* ViewController.h */ = {isa = PBXFileReference; lastKnownFileType = sourcecode.c.h; path = ViewController.h; sourceTree = "<group>"; };
		464004251578B79C009704B2 /* ViewController.m */ = {isa = PBXFileReference; lastKnownFileType = sourcecode.c.objc; path = ViewController.m; sourceTree = "<group>"; };
		464004281578B79C009704B2 /* en */ = {isa = PBXFileReference; lastKnownFileType = file.xib; name = en; path = en.lproj/ViewController.xib; sourceTree = "<group>"; };
		464004351578B7EC009704B2 /* CGContextHelper.h */ = {isa = PBXFileReference; fileEncoding = 4; lastKnownFileType = sourcecode.c.h; name = CGContextHelper.h; path = Classes/CGContextHelper.h; sourceTree = "<group>"; };
		464004361578B7EC009704B2 /* CGContextHelper.m */ = {isa = PBXFileReference; fileEncoding = 4; lastKnownFileType = sourcecode.c.objc; name = CGContextHelper.m; path = Classes/CGContextHelper.m; sourceTree = "<group>"; };
		464004371578B7EC009704B2 /* LayoutHelper.h */ = {isa = PBXFileReference; fileEncoding = 4; lastKnownFileType = sourcecode.c.h; name = LayoutHelper.h; path = Classes/LayoutHelper.h; sourceTree = "<group>"; };
		464004381578B7EC009704B2 /* LayoutHelper.m */ = {isa = PBXFileReference; fileEncoding = 4; lastKnownFileType = sourcecode.c.objc; name = LayoutHelper.m; path = Classes/LayoutHelper.m; sourceTree = "<group>"; };
		464004391578B7EC009704B2 /* UUIDGenerator.h */ = {isa = PBXFileReference; fileEncoding = 4; lastKnownFileType = sourcecode.c.h; name = UUIDGenerator.h; path = Classes/UUIDGenerator.h; sourceTree = "<group>"; };
		4640043A1578B7EC009704B2 /* UUIDGenerator.m */ = {isa = PBXFileReference; fileEncoding = 4; lastKnownFileType = sourcecode.c.objc; name = UUIDGenerator.m; path = Classes/UUIDGenerator.m; sourceTree = "<group>"; };
		464004421578BA65009704B2 /* AsyncUIImageView.h */ = {isa = PBXFileReference; fileEncoding = 4; lastKnownFileType = sourcecode.c.h; name = AsyncUIImageView.h; path = Classes/AsyncUIImageView.h; sourceTree = "<group>"; };
		464004431578BA65009704B2 /* AsyncUIImageView.m */ = {isa = PBXFileReference; fileEncoding = 4; lastKnownFileType = sourcecode.c.objc; name = AsyncUIImageView.m; path = Classes/AsyncUIImageView.m; sourceTree = "<group>"; };
/* End PBXFileReference section */

/* Begin PBXFrameworksBuildPhase section */
		4640040B1578B79C009704B2 /* Frameworks */ = {
			isa = PBXFrameworksBuildPhase;
			buildActionMask = 2147483647;
			files = (
				464004131578B79C009704B2 /* UIKit.framework in Frameworks */,
				464004151578B79C009704B2 /* Foundation.framework in Frameworks */,
				464004171578B79C009704B2 /* CoreGraphics.framework in Frameworks */,
			);
			runOnlyForDeploymentPostprocessing = 0;
		};
/* End PBXFrameworksBuildPhase section */

/* Begin PBXGroup section */
		464004031578B79C009704B2 = {
			isa = PBXGroup;
			children = (
				464004181578B79C009704B2 /* SlothTools */,
				464004111578B79C009704B2 /* Frameworks */,
				4640040F1578B79C009704B2 /* Products */,
			);
			sourceTree = "<group>";
		};
		4640040F1578B79C009704B2 /* Products */ = {
			isa = PBXGroup;
			children = (
				4640040E1578B79C009704B2 /* SlothTools.app */,
			);
			name = Products;
			sourceTree = "<group>";
		};
		464004111578B79C009704B2 /* Frameworks */ = {
			isa = PBXGroup;
			children = (
				464004121578B79C009704B2 /* UIKit.framework */,
				464004141578B79C009704B2 /* Foundation.framework */,
				464004161578B79C009704B2 /* CoreGraphics.framework */,
			);
			name = Frameworks;
			sourceTree = "<group>";
		};
		464004181578B79C009704B2 /* SlothTools */ = {
			isa = PBXGroup;
			children = (
				464004331578B7E0009704B2 /* Classes */,
				464004211578B79C009704B2 /* AppDelegate.h */,
				464004221578B79C009704B2 /* AppDelegate.m */,
				464004241578B79C009704B2 /* ViewController.h */,
				464004251578B79C009704B2 /* ViewController.m */,
				464004271578B79C009704B2 /* ViewController.xib */,
				464004191578B79C009704B2 /* Supporting Files */,
			);
			path = SlothTools;
			sourceTree = "<group>";
		};
		464004191578B79C009704B2 /* Supporting Files */ = {
			isa = PBXGroup;
			children = (
				4640041A1578B79C009704B2 /* SlothTools-Info.plist */,
				4640041B1578B79C009704B2 /* InfoPlist.strings */,
				4640041E1578B79C009704B2 /* main.m */,
				464004201578B79C009704B2 /* SlothTools-Prefix.pch */,
			);
			name = "Supporting Files";
			sourceTree = "<group>";
		};
		464004331578B7E0009704B2 /* Classes */ = {
			isa = PBXGroup;
			children = (
				464004421578BA65009704B2 /* AsyncUIImageView.h */,
				464004431578BA65009704B2 /* AsyncUIImageView.m */,
				464004351578B7EC009704B2 /* CGContextHelper.h */,
				464004361578B7EC009704B2 /* CGContextHelper.m */,
				464004371578B7EC009704B2 /* LayoutHelper.h */,
				464004381578B7EC009704B2 /* LayoutHelper.m */,
				464004391578B7EC009704B2 /* UUIDGenerator.h */,
				4640043A1578B7EC009704B2 /* UUIDGenerator.m */,
			);
			name = Classes;
			sourceTree = "<group>";
		};
/* End PBXGroup section */

/* Begin PBXNativeTarget section */
		4640040D1578B79C009704B2 /* SlothTools */ = {
			isa = PBXNativeTarget;
			buildConfigurationList = 4640042C1578B79C009704B2 /* Build configuration list for PBXNativeTarget "SlothTools" */;
			buildPhases = (
				4640040A1578B79C009704B2 /* Sources */,
				4640040B1578B79C009704B2 /* Frameworks */,
				4640040C1578B79C009704B2 /* Resources */,
			);
			buildRules = (
			);
			dependencies = (
			);
			name = SlothTools;
			productName = SlothTools;
			productReference = 4640040E1578B79C009704B2 /* SlothTools.app */;
			productType = "com.apple.product-type.application";
		};
/* End PBXNativeTarget section */

/* Begin PBXProject section */
		464004051578B79C009704B2 /* Project object */ = {
			isa = PBXProject;
			attributes = {
				LastUpgradeCheck = 0430;
			};
			buildConfigurationList = 464004081578B79C009704B2 /* Build configuration list for PBXProject "SlothTools" */;
			compatibilityVersion = "Xcode 3.2";
			developmentRegion = English;
			hasScannedForEncodings = 0;
			knownRegions = (
				en,
			);
			mainGroup = 464004031578B79C009704B2;
			productRefGroup = 4640040F1578B79C009704B2 /* Products */;
			projectDirPath = "";
			projectRoot = "";
			targets = (
				4640040D1578B79C009704B2 /* SlothTools */,
			);
		};
/* End PBXProject section */

/* Begin PBXResourcesBuildPhase section */
		4640040C1578B79C009704B2 /* Resources */ = {
			isa = PBXResourcesBuildPhase;
			buildActionMask = 2147483647;
			files = (
				4640041D1578B79C009704B2 /* InfoPlist.strings in Resources */,
				464004291578B79C009704B2 /* ViewController.xib in Resources */,
			);
			runOnlyForDeploymentPostprocessing = 0;
		};
/* End PBXResourcesBuildPhase section */

/* Begin PBXSourcesBuildPhase section */
		4640040A1578B79C009704B2 /* Sources */ = {
			isa = PBXSourcesBuildPhase;
			buildActionMask = 2147483647;
			files = (
				4640041F1578B79C009704B2 /* main.m in Sources */,
				464004231578B79C009704B2 /* AppDelegate.m in Sources */,
				464004261578B79C009704B2 /* ViewController.m in Sources */,
				4640043B1578B7EC009704B2 /* CGContextHelper.m in Sources */,
				4640043C1578B7EC009704B2 /* LayoutHelper.m in Sources */,
				4640043D1578B7EC009704B2 /* UUIDGenerator.m in Sources */,
				464004441578BA65009704B2 /* AsyncUIImageView.m in Sources */,
			);
			runOnlyForDeploymentPostprocessing = 0;
		};
/* End PBXSourcesBuildPhase section */

/* Begin PBXVariantGroup section */
		4640041B1578B79C009704B2 /* InfoPlist.strings */ = {
			isa = PBXVariantGroup;
			children = (
				4640041C1578B79C009704B2 /* en */,
			);
			name = InfoPlist.strings;
			sourceTree = "<group>";
		};
		464004271578B79C009704B2 /* ViewController.xib */ = {
			isa = PBXVariantGroup;
			children = (
				464004281578B79C009704B2 /* en */,
			);
			name = ViewController.xib;
			sourceTree = "<group>";
		};
/* End PBXVariantGroup section */

/* Begin XCBuildConfiguration section */
		4640042A1578B79C009704B2 /* Debug */ = {
			isa = XCBuildConfiguration;
			buildSettings = {
				ALWAYS_SEARCH_USER_PATHS = NO;
				ARCHS = "$(ARCHS_STANDARD_32_BIT)";
				CLANG_ENABLE_OBJC_ARC = YES;
				"CODE_SIGN_IDENTITY[sdk=iphoneos*]" = "iPhone Developer";
				COPY_PHASE_STRIP = NO;
				GCC_C_LANGUAGE_STANDARD = gnu99;
				GCC_DYNAMIC_NO_PIC = NO;
				GCC_OPTIMIZATION_LEVEL = 0;
				GCC_PREPROCESSOR_DEFINITIONS = (
					"DEBUG=1",
					"$(inherited)",
				);
				GCC_SYMBOLS_PRIVATE_EXTERN = NO;
				GCC_VERSION = com.apple.compilers.llvm.clang.1_0;
				GCC_WARN_ABOUT_RETURN_TYPE = YES;
				GCC_WARN_UNINITIALIZED_AUTOS = YES;
				GCC_WARN_UNUSED_VARIABLE = YES;
				IPHONEOS_DEPLOYMENT_TARGET = 5.1;
				SDKROOT = iphoneos;
			};
			name = Debug;
		};
		4640042B1578B79C009704B2 /* Release */ = {
			isa = XCBuildConfiguration;
			buildSettings = {
				ALWAYS_SEARCH_USER_PATHS = NO;
				ARCHS = "$(ARCHS_STANDARD_32_BIT)";
				CLANG_ENABLE_OBJC_ARC = YES;
				"CODE_SIGN_IDENTITY[sdk=iphoneos*]" = "iPhone Developer";
				COPY_PHASE_STRIP = YES;
				GCC_C_LANGUAGE_STANDARD = gnu99;
				GCC_VERSION = com.apple.compilers.llvm.clang.1_0;
				GCC_WARN_ABOUT_RETURN_TYPE = YES;
				GCC_WARN_UNINITIALIZED_AUTOS = YES;
				GCC_WARN_UNUSED_VARIABLE = YES;
				IPHONEOS_DEPLOYMENT_TARGET = 5.1;
				OTHER_CFLAGS = "-DNS_BLOCK_ASSERTIONS=1";
				SDKROOT = iphoneos;
				VALIDATE_PRODUCT = YES;
			};
			name = Release;
		};
		4640042D1578B79C009704B2 /* Debug */ = {
			isa = XCBuildConfiguration;
			buildSettings = {
				GCC_PRECOMPILE_PREFIX_HEADER = YES;
				GCC_PREFIX_HEADER = "SlothTools/SlothTools-Prefix.pch";
				INFOPLIST_FILE = "SlothTools/SlothTools-Info.plist";
				PRODUCT_NAME = "$(TARGET_NAME)";
				WRAPPER_EXTENSION = app;
			};
			name = Debug;
		};
		4640042E1578B79C009704B2 /* Release */ = {
			isa = XCBuildConfiguration;
			buildSettings = {
				GCC_PRECOMPILE_PREFIX_HEADER = YES;
				GCC_PREFIX_HEADER = "SlothTools/SlothTools-Prefix.pch";
				INFOPLIST_FILE = "SlothTools/SlothTools-Info.plist";
				PRODUCT_NAME = "$(TARGET_NAME)";
				WRAPPER_EXTENSION = app;
			};
			name = Release;
		};
/* End XCBuildConfiguration section */

/* Begin XCConfigurationList section */
		464004081578B79C009704B2 /* Build configuration list for PBXProject "SlothTools" */ = {
			isa = XCConfigurationList;
			buildConfigurations = (
				4640042A1578B79C009704B2 /* Debug */,
				4640042B1578B79C009704B2 /* Release */,
			);
			defaultConfigurationIsVisible = 0;
			defaultConfigurationName = Release;
		};
		4640042C1578B79C009704B2 /* Build configuration list for PBXNativeTarget "SlothTools" */ = {
			isa = XCConfigurationList;
			buildConfigurations = (
				4640042D1578B79C009704B2 /* Debug */,
				4640042E1578B79C009704B2 /* Release */,
			);
			defaultConfigurationIsVisible = 0;
			defaultConfigurationName = Release;
		};
/* End XCConfigurationList section */
	};
	rootObject = 464004051578B79C009704B2 /* Project object */;
}
